// !$*UTF8*$!
{
	archiveVersion = 1;
	classes = {
	};
	objectVersion = 46;
	objects = {

/* Begin PBXBuildFile section */
		497D66F01D93B990009E7E07 /* TableViewController.swift in Sources */ = {isa = PBXBuildFile; fileRef = 497D66EF1D93B990009E7E07 /* TableViewController.swift */; };
		49FFB15E1D8F8AE1007C9504 /* AppDelegate.swift in Sources */ = {isa = PBXBuildFile; fileRef = 49FFB15D1D8F8AE1007C9504 /* AppDelegate.swift */; };
		49FFB1601D8F8AE1007C9504 /* ViewController.swift in Sources */ = {isa = PBXBuildFile; fileRef = 49FFB15F1D8F8AE1007C9504 /* ViewController.swift */; };
		49FFB1631D8F8AE1007C9504 /* Main.storyboard in Resources */ = {isa = PBXBuildFile; fileRef = 49FFB1611D8F8AE1007C9504 /* Main.storyboard */; };
		49FFB1651D8F8AE1007C9504 /* Assets.xcassets in Resources */ = {isa = PBXBuildFile; fileRef = 49FFB1641D8F8AE1007C9504 /* Assets.xcassets */; };
		49FFB1681D8F8AE1007C9504 /* LaunchScreen.storyboard in Resources */ = {isa = PBXBuildFile; fileRef = 49FFB1661D8F8AE1007C9504 /* LaunchScreen.storyboard */; };
		49FFB1731D8F8F70007C9504 /* NBTagView.swift in Sources */ = {isa = PBXBuildFile; fileRef = 49FFB1721D8F8F70007C9504 /* NBTagView.swift */; };
/* End PBXBuildFile section */

/* Begin PBXFileReference section */
		497D66EF1D93B990009E7E07 /* TableViewController.swift */ = {isa = PBXFileReference; fileEncoding = 4; lastKnownFileType = sourcecode.swift; path = TableViewController.swift; sourceTree = "<group>"; };
		49FFB15A1D8F8AE1007C9504 /* TestTagView.app */ = {isa = PBXFileReference; explicitFileType = wrapper.application; includeInIndex = 0; path = TestTagView.app; sourceTree = BUILT_PRODUCTS_DIR; };
		49FFB15D1D8F8AE1007C9504 /* AppDelegate.swift */ = {isa = PBXFileReference; lastKnownFileType = sourcecode.swift; path = AppDelegate.swift; sourceTree = "<group>"; };
		49FFB15F1D8F8AE1007C9504 /* ViewController.swift */ = {isa = PBXFileReference; lastKnownFileType = sourcecode.swift; path = ViewController.swift; sourceTree = "<group>"; };
		49FFB1621D8F8AE1007C9504 /* Base */ = {isa = PBXFileReference; lastKnownFileType = file.storyboard; name = Base; path = Base.lproj/Main.storyboard; sourceTree = "<group>"; };
		49FFB1641D8F8AE1007C9504 /* Assets.xcassets */ = {isa = PBXFileReference; lastKnownFileType = folder.assetcatalog; path = Assets.xcassets; sourceTree = "<group>"; };
		49FFB1671D8F8AE1007C9504 /* Base */ = {isa = PBXFileReference; lastKnownFileType = file.storyboard; name = Base; path = Base.lproj/LaunchScreen.storyboard; sourceTree = "<group>"; };
		49FFB1691D8F8AE1007C9504 /* Info.plist */ = {isa = PBXFileReference; lastKnownFileType = text.plist.xml; path = Info.plist; sourceTree = "<group>"; };
		49FFB1721D8F8F70007C9504 /* NBTagView.swift */ = {isa = PBXFileReference; fileEncoding = 4; lastKnownFileType = sourcecode.swift; name = NBTagView.swift; path = ../NBTagView.swift; sourceTree = "<group>"; };
/* End PBXFileReference section */

/* Begin PBXFrameworksBuildPhase section */
		49FFB1571D8F8AE1007C9504 /* Frameworks */ = {
			isa = PBXFrameworksBuildPhase;
			buildActionMask = 2147483647;
			files = (
			);
			runOnlyForDeploymentPostprocessing = 0;
		};
/* End PBXFrameworksBuildPhase section */

/* Begin PBXGroup section */
		49FFB1511D8F8AE0007C9504 = {
			isa = PBXGroup;
			children = (
				49FFB15C1D8F8AE1007C9504 /* TestTagView */,
				49FFB15B1D8F8AE1007C9504 /* Products */,
			);
			sourceTree = "<group>";
		};
		49FFB15B1D8F8AE1007C9504 /* Products */ = {
			isa = PBXGroup;
			children = (
				49FFB15A1D8F8AE1007C9504 /* TestTagView.app */,
			);
			name = Products;
			sourceTree = "<group>";
		};
		49FFB15C1D8F8AE1007C9504 /* TestTagView */ = {
			isa = PBXGroup;
			children = (
				49FFB15F1D8F8AE1007C9504 /* ViewController.swift */,
				497D66EF1D93B990009E7E07 /* TableViewController.swift */,
				49FFB1721D8F8F70007C9504 /* NBTagView.swift */,
				49FFB1611D8F8AE1007C9504 /* Main.storyboard */,
				49FFB1711D8F8C3D007C9504 /* Others */,
			);
			path = TestTagView;
			sourceTree = "<group>";
		};
		49FFB1711D8F8C3D007C9504 /* Others */ = {
			isa = PBXGroup;
			children = (
				49FFB15D1D8F8AE1007C9504 /* AppDelegate.swift */,
				49FFB1641D8F8AE1007C9504 /* Assets.xcassets */,
				49FFB1661D8F8AE1007C9504 /* LaunchScreen.storyboard */,
				49FFB1691D8F8AE1007C9504 /* Info.plist */,
			);
			name = Others;
			sourceTree = "<group>";
		};
/* End PBXGroup section */

/* Begin PBXNativeTarget section */
		49FFB1591D8F8AE1007C9504 /* TestTagView */ = {
			isa = PBXNativeTarget;
			buildConfigurationList = 49FFB16C1D8F8AE1007C9504 /* Build configuration list for PBXNativeTarget "TestTagView" */;
			buildPhases = (
				49FFB1561D8F8AE1007C9504 /* Sources */,
				49FFB1571D8F8AE1007C9504 /* Frameworks */,
				49FFB1581D8F8AE1007C9504 /* Resources */,
			);
			buildRules = (
			);
			dependencies = (
			);
			name = TestTagView;
			productName = TestTagView;
			productReference = 49FFB15A1D8F8AE1007C9504 /* TestTagView.app */;
			productType = "com.apple.product-type.application";
		};
/* End PBXNativeTarget section */

/* Begin PBXProject section */
		49FFB1521D8F8AE1007C9504 /* Project object */ = {
			isa = PBXProject;
			attributes = {
				LastSwiftUpdateCheck = 0730;
				LastUpgradeCheck = 0730;
				ORGANIZATIONNAME = forwor;
				TargetAttributes = {
					49FFB1591D8F8AE1007C9504 = {
						CreatedOnToolsVersion = 7.3.1;
						DevelopmentTeam = RJUJXP82S4;
						LastSwiftMigration = 0800;
					};
				};
			};
			buildConfigurationList = 49FFB1551D8F8AE1007C9504 /* Build configuration list for PBXProject "TestTagView" */;
			compatibilityVersion = "Xcode 3.2";
			developmentRegion = English;
			hasScannedForEncodings = 0;
			knownRegions = (
				en,
				Base,
			);
			mainGroup = 49FFB1511D8F8AE0007C9504;
			productRefGroup = 49FFB15B1D8F8AE1007C9504 /* Products */;
			projectDirPath = "";
			projectRoot = "";
			targets = (
				49FFB1591D8F8AE1007C9504 /* TestTagView */,
			);
		};
/* End PBXProject section */

/* Begin PBXResourcesBuildPhase section */
		49FFB1581D8F8AE1007C9504 /* Resources */ = {
			isa = PBXResourcesBuildPhase;
			buildActionMask = 2147483647;
			files = (
				49FFB1681D8F8AE1007C9504 /* LaunchScreen.storyboard in Resources */,
				49FFB1651D8F8AE1007C9504 /* Assets.xcassets in Resources */,
				49FFB1631D8F8AE1007C9504 /* Main.storyboard in Resources */,
			);
			runOnlyForDeploymentPostprocessing = 0;
		};
/* End PBXResourcesBuildPhase section */

/* Begin PBXSourcesBuildPhase section */
		49FFB1561D8F8AE1007C9504 /* Sources */ = {
			isa = PBXSourcesBuildPhase;
			buildActionMask = 2147483647;
			files = (
				49FFB1601D8F8AE1007C9504 /* ViewController.swift in Sources */,
				49FFB1731D8F8F70007C9504 /* NBTagView.swift in Sources */,
				49FFB15E1D8F8AE1007C9504 /* AppDelegate.swift in Sources */,
				497D66F01D93B990009E7E07 /* TableViewController.swift in Sources */,
			);
			runOnlyForDeploymentPostprocessing = 0;
		};
/* End PBXSourcesBuildPhase section */

/* Begin PBXVariantGroup section */
		49FFB1611D8F8AE1007C9504 /* Main.storyboard */ = {
			isa = PBXVariantGroup;
			children = (
				49FFB1621D8F8AE1007C9504 /* Base */,
			);
			name = Main.storyboard;
			sourceTree = "<group>";
		};
		49FFB1661D8F8AE1007C9504 /* LaunchScreen.storyboard */ = {
			isa = PBXVariantGroup;
			children = (
				49FFB1671D8F8AE1007C9504 /* Base */,
			);
			name = LaunchScreen.storyboard;
			sourceTree = "<group>";
		};
/* End PBXVariantGroup section */

/* Begin XCBuildConfiguration section */
		49FFB16A1D8F8AE1007C9504 /* Debug */ = {
			isa = XCBuildConfiguration;
			buildSettings = {
				ALWAYS_SEARCH_USER_PATHS = NO;
				CLANG_ANALYZER_NONNULL = YES;
				CLANG_CXX_LANGUAGE_STANDARD = "gnu++0x";
				CLANG_CXX_LIBRARY = "libc++";
				CLANG_ENABLE_MODULES = YES;
				CLANG_ENABLE_OBJC_ARC = YES;
				CLANG_WARN_BOOL_CONVERSION = YES;
				CLANG_WARN_CONSTANT_CONVERSION = YES;
				CLANG_WARN_DIRECT_OBJC_ISA_USAGE = YES_ERROR;
				CLANG_WARN_EMPTY_BODY = YES;
				CLANG_WARN_ENUM_CONVERSION = YES;
				CLANG_WARN_INT_CONVERSION = YES;
				CLANG_WARN_OBJC_ROOT_CLASS = YES_ERROR;
				CLANG_WARN_UNREACHABLE_CODE = YES;
				CLANG_WARN__DUPLICATE_METHOD_MATCH = YES;
				"CODE_SIGN_IDENTITY[sdk=iphoneos*]" = "iPhone Developer";
				COPY_PHASE_STRIP = NO;
				DEBUG_INFORMATION_FORMAT = dwarf;
				ENABLE_STRICT_OBJC_MSGSEND = YES;
				ENABLE_TESTABILITY = YES;
				GCC_C_LANGUAGE_STANDARD = gnu99;
				GCC_DYNAMIC_NO_PIC = NO;
				GCC_NO_COMMON_BLOCKS = YES;
				GCC_OPTIMIZATION_LEVEL = 0;
				GCC_PREPROCESSOR_DEFINITIONS = (
					"DEBUG=1",
					"$(inherited)",
				);
				GCC_WARN_64_TO_32_BIT_CONVERSION = YES;
				GCC_WARN_ABOUT_RETURN_TYPE = YES_ERROR;
				GCC_WARN_UNDECLARED_SELECTOR = YES;
				GCC_WARN_UNINITIALIZED_AUTOS = YES_AGGRESSIVE;
				GCC_WARN_UNUSED_FUNCTION = YES;
				GCC_WARN_UNUSED_VARIABLE = YES;
				IPHONEOS_DEPLOYMENT_TARGET = 9.3;
				MTL_ENABLE_DEBUG_INFO = YES;
				ONLY_ACTIVE_ARCH = YES;
				SDKROOT = iphoneos;
				SWIFT_OPTIMIZATION_LEVEL = "-Onone";
				TARGETED_DEVICE_FAMILY = "1,2";
			};
			name = Debug;
		};
		49FFB16B1D8F8AE1007C9504 /* Release */ = {
			isa = XCBuildConfiguration;
			buildSettings = {
				ALWAYS_SEARCH_USER_PATHS = NO;
				CLANG_ANALYZER_NONNULL = YES;
				CLANG_CXX_LANGUAGE_STANDARD = "gnu++0x";
				CLANG_CXX_LIBRARY = "libc++";
				CLANG_ENABLE_MODULES = YES;
				CLANG_ENABLE_OBJC_ARC = YES;
				CLANG_WARN_BOOL_CONVERSION = YES;
				CLANG_WARN_CONSTANT_CONVERSION = YES;
				CLANG_WARN_DIRECT_OBJC_ISA_USAGE = YES_ERROR;
				CLANG_WARN_EMPTY_BODY = YES;
				CLANG_WARN_ENUM_CONVERSION = YES;
				CLANG_WARN_INT_CONVERSION = YES;
				CLANG_WARN_OBJC_ROOT_CLASS = YES_ERROR;
				CLANG_WARN_UNREACHABLE_CODE = YES;
				CLANG_WARN__DUPLICATE_METHOD_MATCH = YES;
				"CODE_SIGN_IDENTITY[sdk=iphoneos*]" = "iPhone Developer";
				COPY_PHASE_STRIP = NO;
				DEBUG_INFORMATION_FORMAT = "dwarf-with-dsym";
				ENABLE_NS_ASSERTIONS = NO;
				ENABLE_STRICT_OBJC_MSGSEND = YES;
				GCC_C_LANGUAGE_STANDARD = gnu99;
				GCC_NO_COMMON_BLOCKS = YES;
				GCC_WARN_64_TO_32_BIT_CONVERSION = YES;
				GCC_WARN_ABOUT_RETURN_TYPE = YES_ERROR;
				GCC_WARN_UNDECLARED_SELECTOR = YES;
				GCC_WARN_UNINITIALIZED_AUTOS = YES_AGGRESSIVE;
				GCC_WARN_UNUSED_FUNCTION = YES;
				GCC_WARN_UNUSED_VARIABLE = YES;
				IPHONEOS_DEPLOYMENT_TARGET = 9.3;
				MTL_ENABLE_DEBUG_INFO = NO;
				SDKROOT = iphoneos;
				TARGETED_DEVICE_FAMILY = "1,2";
				VALIDATE_PRODUCT = YES;
			};
			name = Release;
		};
		49FFB16D1D8F8AE1007C9504 /* Debug */ = {
			isa = XCBuildConfiguration;
			buildSettings = {
				ASSETCATALOG_COMPILER_APPICON_NAME = AppIcon;
				DEVELOPMENT_TEAM = RJUJXP82S4;
				INFOPLIST_FILE = TestTagView/Info.plist;
				LD_RUNPATH_SEARCH_PATHS = "$(inherited) @executable_path/Frameworks";
				PRODUCT_BUNDLE_IDENTIFIER = com.forwor.TestTagView;
				PRODUCT_NAME = "$(TARGET_NAME)";
				SWIFT_VERSION = 3.0;
			};
			name = Debug;
		};
		49FFB16E1D8F8AE1007C9504 /* Release */ = {
			isa = XCBuildConfiguration;
			buildSettings = {
				ASSETCATALOG_COMPILER_APPICON_NAME = AppIcon;
				DEVELOPMENT_TEAM = RJUJXP82S4;
				INFOPLIST_FILE = TestTagView/Info.plist;
				LD_RUNPATH_SEARCH_PATHS = "$(inherited) @executable_path/Frameworks";
				PRODUCT_BUNDLE_IDENTIFIER = com.forwor.TestTagView;
				PRODUCT_NAME = "$(TARGET_NAME)";
				SWIFT_VERSION = 3.0;
			};
			name = Release;
		};
/* End XCBuildConfiguration section */

/* Begin XCConfigurationList section */
		49FFB1551D8F8AE1007C9504 /* Build configuration list for PBXProject "TestTagView" */ = {
			isa = XCConfigurationList;
			buildConfigurations = (
				49FFB16A1D8F8AE1007C9504 /* Debug */,
				49FFB16B1D8F8AE1007C9504 /* Release */,
			);
			defaultConfigurationIsVisible = 0;
			defaultConfigurationName = Release;
		};
		49FFB16C1D8F8AE1007C9504 /* Build configuration list for PBXNativeTarget "TestTagView" */ = {
			isa = XCConfigurationList;
			buildConfigurations = (
				49FFB16D1D8F8AE1007C9504 /* Debug */,
				49FFB16E1D8F8AE1007C9504 /* Release */,
			);
			defaultConfigurationIsVisible = 0;
			defaultConfigurationName = Release;
		};
/* End XCConfigurationList section */
	};
	rootObject = 49FFB1521D8F8AE1007C9504 /* Project object */;
}
